{
  "name": "@only-chat/in-memory-queue",
  "version": "0.1.0",
  "lockfileVersion": 3,
  "requires": true,
  "packages": {
    "": {
      "name": "@only-chat/in-memory-queue",
      "version": "0.1.0",
      "license": "MIT",
      "devDependencies": {
        "@only-chat/types": "file:../../types",
        "typescript": "^5.4.5"
      }
    },
    "../../types": {
      "version": "0.1.0",
      "dev": true,
      "license": "MIT",
      "dependencies": {
        "@types/node": "^22.7.4"
      }
    },
    "node_modules/@only-chat/types": {
      "resolved": "../../types",
      "link": true
    },
    "node_modules/typescript": {
      "version": "5.6.2",
      "resolved": "https://registry.npmjs.org/typescript/-/typescript-5.6.2.tgz",
      "integrity": "sha512-NW8ByodCSNCwZeghjN3o+JX5OFH0Ojg6sadjEKY4huZ52TqbJTJnDo5+Tw98lSy63NZvi4n+ez5m2u5d4PkZyw==",
      "dev": true,
      "bin": {
        "tsc": "bin/tsc",
        "tsserver": "bin/tsserver"
      },
      "engines": {
        "node": ">=14.17"
      }
    }
  }
}
